
Microsoft Visual Studio Solution File, Format Version 12.00
# Visual Studio Version 17
VisualStudioVersion = 17.3.32819.101
MinimumVisualStudioVersion = 10.0.40219.1
Project("{FAE04EC0-301F-11D3-BF4B-00C04F79EFBC}") = "Testeo", "Testeo\Testeo.csproj", "{CAC7904E-8A35-4EDE-9AC1-DF86D6D85B95}"
EndProject
Global
	GlobalSection(SolutionConfigurationPlatforms) = preSolution
		Debug|Any CPU = Debug|Any CPU
		Release|Any CPU = Release|Any CPU
	EndGlobalSection
	GlobalSection(ProjectConfigurationPlatforms) = postSolution
		{CAC7904E-8A35-4EDE-9AC1-DF86D6D85B95}.Debug|Any CPU.ActiveCfg = Debug|Any CPU
		{CAC7904E-8A35-4EDE-9AC1-DF86D6D85B95}.Debug|Any CPU.Build.0 = Debug|Any CPU
		{CAC7904E-8A35-4EDE-9AC1-DF86D6D85B95}.Release|Any CPU.ActiveCfg = Release|Any CPU
		{CAC7904E-8A35-4EDE-9AC1-DF86D6D85B95}.Release|Any CPU.Build.0 = Release|Any CPU
	EndGlobalSection
	GlobalSection(SolutionProperties) = preSolution
		HideSolutionNode = FALSE
	EndGlobalSection
	GlobalSection(ExtensibilityGlobals) = postSolution
		SolutionGuid = {7CF93FAF-1E79-40E8-B8DD-5ABF163588B4}
	EndGlobalSection
EndGlobal
